// !$*UTF8*$!
{
	archiveVersion = 1;
	classes = {
	};
	objectVersion = 50;
	objects = {

/* Begin PBXBuildFile section */
		8EEC85032561A630007A6749 /* AppDelegate.swift in Sources */ = {isa = PBXBuildFile; fileRef = 8EEC85022561A630007A6749 /* AppDelegate.swift */; };
		8EEC85052561A630007A6749 /* SceneDelegate.swift in Sources */ = {isa = PBXBuildFile; fileRef = 8EEC85042561A630007A6749 /* SceneDelegate.swift */; };
		8EEC85072561A630007A6749 /* ViewController.swift in Sources */ = {isa = PBXBuildFile; fileRef = 8EEC85062561A630007A6749 /* ViewController.swift */; };
		8EEC850A2561A630007A6749 /* Main.storyboard in Resources */ = {isa = PBXBuildFile; fileRef = 8EEC85082561A630007A6749 /* Main.storyboard */; };
		8EEC850C2561A631007A6749 /* Assets.xcassets in Resources */ = {isa = PBXBuildFile; fileRef = 8EEC850B2561A631007A6749 /* Assets.xcassets */; };
		8EEC850F2561A632007A6749 /* LaunchScreen.storyboard in Resources */ = {isa = PBXBuildFile; fileRef = 8EEC850D2561A632007A6749 /* LaunchScreen.storyboard */; };
		8EEC851A2561A69D007A6749 /* RepoTableViewCell.swift in Sources */ = {isa = PBXBuildFile; fileRef = 8EEC85192561A69D007A6749 /* RepoTableViewCell.swift */; };
		8EEC851E2561A6A6007A6749 /* Repo.swift in Sources */ = {isa = PBXBuildFile; fileRef = 8EEC851D2561A6A6007A6749 /* Repo.swift */; };
		8EEC85212561A6E0007A6749 /* NetworkManager.swift in Sources */ = {isa = PBXBuildFile; fileRef = 8EEC85202561A6E0007A6749 /* NetworkManager.swift */; };
/* End PBXBuildFile section */

/* Begin PBXFileReference section */
		8EEC84FF2561A630007A6749 /* GitHubReposSearch.app */ = {isa = PBXFileReference; explicitFileType = wrapper.application; includeInIndex = 0; path = GitHubReposSearch.app; sourceTree = BUILT_PRODUCTS_DIR; };
		8EEC85022561A630007A6749 /* AppDelegate.swift */ = {isa = PBXFileReference; lastKnownFileType = sourcecode.swift; path = AppDelegate.swift; sourceTree = "<group>"; };
		8EEC85042561A630007A6749 /* SceneDelegate.swift */ = {isa = PBXFileReference; lastKnownFileType = sourcecode.swift; path = SceneDelegate.swift; sourceTree = "<group>"; };
		8EEC85062561A630007A6749 /* ViewController.swift */ = {isa = PBXFileReference; lastKnownFileType = sourcecode.swift; path = ViewController.swift; sourceTree = "<group>"; };
		8EEC85092561A630007A6749 /* Base */ = {isa = PBXFileReference; lastKnownFileType = file.storyboard; name = Base; path = Base.lproj/Main.storyboard; sourceTree = "<group>"; };
		8EEC850B2561A631007A6749 /* Assets.xcassets */ = {isa = PBXFileReference; lastKnownFileType = folder.assetcatalog; path = Assets.xcassets; sourceTree = "<group>"; };
		8EEC850E2561A632007A6749 /* Base */ = {isa = PBXFileReference; lastKnownFileType = file.storyboard; name = Base; path = Base.lproj/LaunchScreen.storyboard; sourceTree = "<group>"; };
		8EEC85102561A632007A6749 /* Info.plist */ = {isa = PBXFileReference; lastKnownFileType = text.plist.xml; path = Info.plist; sourceTree = "<group>"; };
		8EEC85192561A69D007A6749 /* RepoTableViewCell.swift */ = {isa = PBXFileReference; fileEncoding = 4; lastKnownFileType = sourcecode.swift; path = RepoTableViewCell.swift; sourceTree = "<group>"; };
		8EEC851D2561A6A6007A6749 /* Repo.swift */ = {isa = PBXFileReference; fileEncoding = 4; lastKnownFileType = sourcecode.swift; path = Repo.swift; sourceTree = "<group>"; };
		8EEC85202561A6E0007A6749 /* NetworkManager.swift */ = {isa = PBXFileReference; fileEncoding = 4; lastKnownFileType = sourcecode.swift; path = NetworkManager.swift; sourceTree = "<group>"; };
/* End PBXFileReference section */

/* Begin PBXFrameworksBuildPhase section */
		8EEC84FC2561A630007A6749 /* Frameworks */ = {
			isa = PBXFrameworksBuildPhase;
			buildActionMask = 2147483647;
			files = (
			);
			runOnlyForDeploymentPostprocessing = 0;
		};
/* End PBXFrameworksBuildPhase section */

/* Begin PBXGroup section */
		8EEC84F62561A630007A6749 = {
			isa = PBXGroup;
			children = (
				8EEC85012561A630007A6749 /* GitHubReposSearch */,
				8EEC85002561A630007A6749 /* Products */,
			);
			sourceTree = "<group>";
		};
		8EEC85002561A630007A6749 /* Products */ = {
			isa = PBXGroup;
			children = (
				8EEC84FF2561A630007A6749 /* GitHubReposSearch.app */,
			);
			name = Products;
			sourceTree = "<group>";
		};
		8EEC85012561A630007A6749 /* GitHubReposSearch */ = {
			isa = PBXGroup;
			children = (
				8EEC85082561A630007A6749 /* Main.storyboard */,
				8EEC85062561A630007A6749 /* ViewController.swift */,
				8EEC85182561A69D007A6749 /* Views */,
				8EEC851C2561A6A6007A6749 /* Models */,
				8EEC85172561A65D007A6749 /* Supporting Files */,
				8EEC85102561A632007A6749 /* Info.plist */,
			);
			path = GitHubReposSearch;
			sourceTree = "<group>";
		};
		8EEC85172561A65D007A6749 /* Supporting Files */ = {
			isa = PBXGroup;
			children = (
				8EEC85202561A6E0007A6749 /* NetworkManager.swift */,
				8EEC850B2561A631007A6749 /* Assets.xcassets */,
				8EEC850D2561A632007A6749 /* LaunchScreen.storyboard */,
				8EEC85022561A630007A6749 /* AppDelegate.swift */,
				8EEC85042561A630007A6749 /* SceneDelegate.swift */,
			);
			path = "Supporting Files";
			sourceTree = "<group>";
		};
		8EEC85182561A69D007A6749 /* Views */ = {
			isa = PBXGroup;
			children = (
				8EEC85192561A69D007A6749 /* RepoTableViewCell.swift */,
			);
			path = Views;
			sourceTree = "<group>";
		};
		8EEC851C2561A6A6007A6749 /* Models */ = {
			isa = PBXGroup;
			children = (
				8EEC851D2561A6A6007A6749 /* Repo.swift */,
			);
			path = Models;
			sourceTree = "<group>";
		};
/* End PBXGroup section */

/* Begin PBXNativeTarget section */
		8EEC84FE2561A630007A6749 /* GitHubReposSearch */ = {
			isa = PBXNativeTarget;
			buildConfigurationList = 8EEC85132561A632007A6749 /* Build configuration list for PBXNativeTarget "GitHubReposSearch" */;
			buildPhases = (
				8EEC84FB2561A630007A6749 /* Sources */,
				8EEC84FC2561A630007A6749 /* Frameworks */,
				8EEC84FD2561A630007A6749 /* Resources */,
			);
			buildRules = (
			);
			dependencies = (
			);
			name = GitHubReposSearch;
			productName = GitHubReposSearch;
			productReference = 8EEC84FF2561A630007A6749 /* GitHubReposSearch.app */;
			productType = "com.apple.product-type.application";
		};
/* End PBXNativeTarget section */

/* Begin PBXProject section */
		8EEC84F72561A630007A6749 /* Project object */ = {
			isa = PBXProject;
			attributes = {
				LastSwiftUpdateCheck = 1210;
				LastUpgradeCheck = 1210;
				TargetAttributes = {
					8EEC84FE2561A630007A6749 = {
						CreatedOnToolsVersion = 12.1;
					};
				};
			};
			buildConfigurationList = 8EEC84FA2561A630007A6749 /* Build configuration list for PBXProject "GitHubReposSearch" */;
			compatibilityVersion = "Xcode 9.3";
			developmentRegion = en;
			hasScannedForEncodings = 0;
			knownRegions = (
				en,
				Base,
			);
			mainGroup = 8EEC84F62561A630007A6749;
			productRefGroup = 8EEC85002561A630007A6749 /* Products */;
			projectDirPath = "";
			projectRoot = "";
			targets = (
				8EEC84FE2561A630007A6749 /* GitHubReposSearch */,
			);
		};
/* End PBXProject section */

/* Begin PBXResourcesBuildPhase section */
		8EEC84FD2561A630007A6749 /* Resources */ = {
			isa = PBXResourcesBuildPhase;
			buildActionMask = 2147483647;
			files = (
				8EEC850F2561A632007A6749 /* LaunchScreen.storyboard in Resources */,
				8EEC850C2561A631007A6749 /* Assets.xcassets in Resources */,
				8EEC850A2561A630007A6749 /* Main.storyboard in Resources */,
			);
			runOnlyForDeploymentPostprocessing = 0;
		};
/* End PBXResourcesBuildPhase section */

/* Begin PBXSourcesBuildPhase section */
		8EEC84FB2561A630007A6749 /* Sources */ = {
			isa = PBXSourcesBuildPhase;
			buildActionMask = 2147483647;
			files = (
				8EEC85212561A6E0007A6749 /* NetworkManager.swift in Sources */,
				8EEC851A2561A69D007A6749 /* RepoTableViewCell.swift in Sources */,
				8EEC85072561A630007A6749 /* ViewController.swift in Sources */,
				8EEC85032561A630007A6749 /* AppDelegate.swift in Sources */,
				8EEC851E2561A6A6007A6749 /* Repo.swift in Sources */,
				8EEC85052561A630007A6749 /* SceneDelegate.swift in Sources */,
			);
			runOnlyForDeploymentPostprocessing = 0;
		};
/* End PBXSourcesBuildPhase section */

/* Begin PBXVariantGroup section */
		8EEC85082561A630007A6749 /* Main.storyboard */ = {
			isa = PBXVariantGroup;
			children = (
				8EEC85092561A630007A6749 /* Base */,
			);
			name = Main.storyboard;
			sourceTree = "<group>";
		};
		8EEC850D2561A632007A6749 /* LaunchScreen.storyboard */ = {
			isa = PBXVariantGroup;
			children = (
				8EEC850E2561A632007A6749 /* Base */,
			);
			name = LaunchScreen.storyboard;
			sourceTree = "<group>";
		};
/* End PBXVariantGroup section */

/* Begin XCBuildConfiguration section */
		8EEC85112561A632007A6749 /* Debug */ = {
			isa = XCBuildConfiguration;
			buildSettings = {
				ALWAYS_SEARCH_USER_PATHS = NO;
				CLANG_ANALYZER_NONNULL = YES;
				CLANG_ANALYZER_NUMBER_OBJECT_CONVERSION = YES_AGGRESSIVE;
				CLANG_CXX_LANGUAGE_STANDARD = "gnu++14";
				CLANG_CXX_LIBRARY = "libc++";
				CLANG_ENABLE_MODULES = YES;
				CLANG_ENABLE_OBJC_ARC = YES;
				CLANG_ENABLE_OBJC_WEAK = YES;
				CLANG_WARN_BLOCK_CAPTURE_AUTORELEASING = YES;
				CLANG_WARN_BOOL_CONVERSION = YES;
				CLANG_WARN_COMMA = YES;
				CLANG_WARN_CONSTANT_CONVERSION = YES;
				CLANG_WARN_DEPRECATED_OBJC_IMPLEMENTATIONS = YES;
				CLANG_WARN_DIRECT_OBJC_ISA_USAGE = YES_ERROR;
				CLANG_WARN_DOCUMENTATION_COMMENTS = YES;
				CLANG_WARN_EMPTY_BODY = YES;
				CLANG_WARN_ENUM_CONVERSION = YES;
				CLANG_WARN_INFINITE_RECURSION = YES;
				CLANG_WARN_INT_CONVERSION = YES;
				CLANG_WARN_NON_LITERAL_NULL_CONVERSION = YES;
				CLANG_WARN_OBJC_IMPLICIT_RETAIN_SELF = YES;
				CLANG_WARN_OBJC_LITERAL_CONVERSION = YES;
				CLANG_WARN_OBJC_ROOT_CLASS = YES_ERROR;
				CLANG_WARN_QUOTED_INCLUDE_IN_FRAMEWORK_HEADER = YES;
				CLANG_WARN_RANGE_LOOP_ANALYSIS = YES;
				CLANG_WARN_STRICT_PROTOTYPES = YES;
				CLANG_WARN_SUSPICIOUS_MOVE = YES;
				CLANG_WARN_UNGUARDED_AVAILABILITY = YES_AGGRESSIVE;
				CLANG_WARN_UNREACHABLE_CODE = YES;
				CLANG_WARN__DUPLICATE_METHOD_MATCH = YES;
				COPY_PHASE_STRIP = NO;
				DEBUG_INFORMATION_FORMAT = dwarf;
				ENABLE_STRICT_OBJC_MSGSEND = YES;
				ENABLE_TESTABILITY = YES;
				GCC_C_LANGUAGE_STANDARD = gnu11;
				GCC_DYNAMIC_NO_PIC = NO;
				GCC_NO_COMMON_BLOCKS = YES;
				GCC_OPTIMIZATION_LEVEL = 0;
				GCC_PREPROCESSOR_DEFINITIONS = (
					"DEBUG=1",
					"$(inherited)",
				);
				GCC_WARN_64_TO_32_BIT_CONVERSION = YES;
				GCC_WARN_ABOUT_RETURN_TYPE = YES_ERROR;
				GCC_WARN_UNDECLARED_SELECTOR = YES;
				GCC_WARN_UNINITIALIZED_AUTOS = YES_AGGRESSIVE;
				GCC_WARN_UNUSED_FUNCTION = YES;
				GCC_WARN_UNUSED_VARIABLE = YES;
				IPHONEOS_DEPLOYMENT_TARGET = 13.0;
				MTL_ENABLE_DEBUG_INFO = INCLUDE_SOURCE;
				MTL_FAST_MATH = YES;
				ONLY_ACTIVE_ARCH = YES;
				SDKROOT = iphoneos;
				SWIFT_ACTIVE_COMPILATION_CONDITIONS = DEBUG;
				SWIFT_OPTIMIZATION_LEVEL = "-Onone";
			};
			name = Debug;
		};
		8EEC85122561A632007A6749 /* Release */ = {
			isa = XCBuildConfiguration;
			buildSettings = {
				ALWAYS_SEARCH_USER_PATHS = NO;
				CLANG_ANALYZER_NONNULL = YES;
				CLANG_ANALYZER_NUMBER_OBJECT_CONVERSION = YES_AGGRESSIVE;
				CLANG_CXX_LANGUAGE_STANDARD = "gnu++14";
				CLANG_CXX_LIBRARY = "libc++";
				CLANG_ENABLE_MODULES = YES;
				CLANG_ENABLE_OBJC_ARC = YES;
				CLANG_ENABLE_OBJC_WEAK = YES;
				CLANG_WARN_BLOCK_CAPTURE_AUTORELEASING = YES;
				CLANG_WARN_BOOL_CONVERSION = YES;
				CLANG_WARN_COMMA = YES;
				CLANG_WARN_CONSTANT_CONVERSION = YES;
				CLANG_WARN_DEPRECATED_OBJC_IMPLEMENTATIONS = YES;
				CLANG_WARN_DIRECT_OBJC_ISA_USAGE = YES_ERROR;
				CLANG_WARN_DOCUMENTATION_COMMENTS = YES;
				CLANG_WARN_EMPTY_BODY = YES;
				CLANG_WARN_ENUM_CONVERSION = YES;
				CLANG_WARN_INFINITE_RECURSION = YES;
				CLANG_WARN_INT_CONVERSION = YES;
				CLANG_WARN_NON_LITERAL_NULL_CONVERSION = YES;
				CLANG_WARN_OBJC_IMPLICIT_RETAIN_SELF = YES;
				CLANG_WARN_OBJC_LITERAL_CONVERSION = YES;
				CLANG_WARN_OBJC_ROOT_CLASS = YES_ERROR;
				CLANG_WARN_QUOTED_INCLUDE_IN_FRAMEWORK_HEADER = YES;
				CLANG_WARN_RANGE_LOOP_ANALYSIS = YES;
				CLANG_WARN_STRICT_PROTOTYPES = YES;
				CLANG_WARN_SUSPICIOUS_MOVE = YES;
				CLANG_WARN_UNGUARDED_AVAILABILITY = YES_AGGRESSIVE;
				CLANG_WARN_UNREACHABLE_CODE = YES;
				CLANG_WARN__DUPLICATE_METHOD_MATCH = YES;
				COPY_PHASE_STRIP = NO;
				DEBUG_INFORMATION_FORMAT = "dwarf-with-dsym";
				ENABLE_NS_ASSERTIONS = NO;
				ENABLE_STRICT_OBJC_MSGSEND = YES;
				GCC_C_LANGUAGE_STANDARD = gnu11;
				GCC_NO_COMMON_BLOCKS = YES;
				GCC_WARN_64_TO_32_BIT_CONVERSION = YES;
				GCC_WARN_ABOUT_RETURN_TYPE = YES_ERROR;
				GCC_WARN_UNDECLARED_SELECTOR = YES;
				GCC_WARN_UNINITIALIZED_AUTOS = YES_AGGRESSIVE;
				GCC_WARN_UNUSED_FUNCTION = YES;
				GCC_WARN_UNUSED_VARIABLE = YES;
				IPHONEOS_DEPLOYMENT_TARGET = 13.0;
				MTL_ENABLE_DEBUG_INFO = NO;
				MTL_FAST_MATH = YES;
				SDKROOT = iphoneos;
				SWIFT_COMPILATION_MODE = wholemodule;
				SWIFT_OPTIMIZATION_LEVEL = "-O";
				VALIDATE_PRODUCT = YES;
			};
			name = Release;
		};
		8EEC85142561A632007A6749 /* Debug */ = {
			isa = XCBuildConfiguration;
			buildSettings = {
				ASSETCATALOG_COMPILER_APPICON_NAME = AppIcon;
				ASSETCATALOG_COMPILER_GLOBAL_ACCENT_COLOR_NAME = AccentColor;
				CODE_SIGN_STYLE = Automatic;
				DEVELOPMENT_TEAM = 4Z9AQGC48P;
				INFOPLIST_FILE = GitHubReposSearch/Info.plist;
				LD_RUNPATH_SEARCH_PATHS = (
					"$(inherited)",
					"@executable_path/Frameworks",
				);
				PRODUCT_BUNDLE_IDENTIFIER = amusel.GitHubReposSearch;
				PRODUCT_NAME = "$(TARGET_NAME)";
				SWIFT_VERSION = 5.0;
				TARGETED_DEVICE_FAMILY = "1,2";
			};
			name = Debug;
		};
		8EEC85152561A632007A6749 /* Release */ = {
			isa = XCBuildConfiguration;
			buildSettings = {
				ASSETCATALOG_COMPILER_APPICON_NAME = AppIcon;
				ASSETCATALOG_COMPILER_GLOBAL_ACCENT_COLOR_NAME = AccentColor;
				CODE_SIGN_STYLE = Automatic;
				DEVELOPMENT_TEAM = 4Z9AQGC48P;
				INFOPLIST_FILE = GitHubReposSearch/Info.plist;
				LD_RUNPATH_SEARCH_PATHS = (
					"$(inherited)",
					"@executable_path/Frameworks",
				);
				PRODUCT_BUNDLE_IDENTIFIER = amusel.GitHubReposSearch;
				PRODUCT_NAME = "$(TARGET_NAME)";
				SWIFT_VERSION = 5.0;
				TARGETED_DEVICE_FAMILY = "1,2";
			};
			name = Release;
		};
/* End XCBuildConfiguration section */

/* Begin XCConfigurationList section */
		8EEC84FA2561A630007A6749 /* Build configuration list for PBXProject "GitHubReposSearch" */ = {
			isa = XCConfigurationList;
			buildConfigurations = (
				8EEC85112561A632007A6749 /* Debug */,
				8EEC85122561A632007A6749 /* Release */,
			);
			defaultConfigurationIsVisible = 0;
			defaultConfigurationName = Release;
		};
		8EEC85132561A632007A6749 /* Build configuration list for PBXNativeTarget "GitHubReposSearch" */ = {
			isa = XCConfigurationList;
			buildConfigurations = (
				8EEC85142561A632007A6749 /* Debug */,
				8EEC85152561A632007A6749 /* Release */,
			);
			defaultConfigurationIsVisible = 0;
			defaultConfigurationName = Release;
		};
/* End XCConfigurationList section */
	};
	rootObject = 8EEC84F72561A630007A6749 /* Project object */;
}
